
Microsoft Visual Studio Solution File, Format Version 11.00
# Visual Studio 2010
Project("{FAE04EC0-301F-11D3-BF4B-00C04F79EFBC}") = "Assembly-CSharp", "Assembly-CSharp.csproj", "{BF5CBA58-67E5-0ED2-BCEA-773408520279}"
EndProject
Project("{FAE04EC0-301F-11D3-BF4B-00C04F79EFBC}") = "Assembly-CSharp-Editor", "Assembly-CSharp-Editor.csproj", "{6FA50E5D-93E3-7069-D898-520A10077B2A}"
EndProject
Global
	GlobalSection(SolutionConfigurationPlatforms) = preSolution
		Debug|Any CPU = Debug|Any CPU
		Release|Any CPU = Release|Any CPU
	EndGlobalSection
	GlobalSection(ProjectConfigurationPlatforms) = postSolution
		{BF5CBA58-67E5-0ED2-BCEA-773408520279}.Debug|Any CPU.ActiveCfg = Debug|Any CPU
		{BF5CBA58-67E5-0ED2-BCEA-773408520279}.Debug|Any CPU.Build.0 = Debug|Any CPU
		{BF5CBA58-67E5-0ED2-BCEA-773408520279}.Release|Any CPU.ActiveCfg = Release|Any CPU
		{BF5CBA58-67E5-0ED2-BCEA-773408520279}.Release|Any CPU.Build.0 = Release|Any CPU
		{6FA50E5D-93E3-7069-D898-520A10077B2A}.Debug|Any CPU.ActiveCfg = Debug|Any CPU
		{6FA50E5D-93E3-7069-D898-520A10077B2A}.Debug|Any CPU.Build.0 = Debug|Any CPU
		{6FA50E5D-93E3-7069-D898-520A10077B2A}.Release|Any CPU.ActiveCfg = Release|Any CPU
		{6FA50E5D-93E3-7069-D898-520A10077B2A}.Release|Any CPU.Build.0 = Release|Any CPU
	EndGlobalSection
	GlobalSection(SolutionProperties) = preSolution
		HideSolutionNode = FALSE
	EndGlobalSection
EndGlobal
